
Microsoft Visual Studio Solution File, Format Version 12.00
Project("{FAE04EC0-301F-11D3-BF4B-00C04F79EFBC}") = "RPSSL", "RPSSL \RPSSL.csproj", "{E16290BF-A91E-431F-A785-9A22BEF683A4}"
EndProject
Global
	GlobalSection(SolutionConfigurationPlatforms) = preSolution
		Debug|Any CPU = Debug|Any CPU
		Release|Any CPU = Release|Any CPU
	EndGlobalSection
	GlobalSection(ProjectConfigurationPlatforms) = postSolution
		{E16290BF-A91E-431F-A785-9A22BEF683A4}.Debug|Any CPU.ActiveCfg = Debug|Any CPU
		{E16290BF-A91E-431F-A785-9A22BEF683A4}.Debug|Any CPU.Build.0 = Debug|Any CPU
		{E16290BF-A91E-431F-A785-9A22BEF683A4}.Release|Any CPU.ActiveCfg = Release|Any CPU
		{E16290BF-A91E-431F-A785-9A22BEF683A4}.Release|Any CPU.Build.0 = Release|Any CPU
	EndGlobalSection
EndGlobal
